<?xml version="1.0" encoding="utf-8"?>
<Project ToolsVersion="4.0" xmlns="http://schemas.microsoft.com/developer/msbuild/2003">
  <ItemGroup>
    <ClCompile Include="main.cpp" />
    <ClCompile Include="client.cpp" />
    <ClCompile Include="loger.cpp" />
    <ClCompile Include="utils.cpp" />
    <ClCompile Include="docctrl.cpp" />
    <ClCompile Include="device.cpp" />
  </ItemGroup>
  <ItemGroup>
    <Filter Include="includes">
      <UniqueIdentifier>{8e913a3f-7ff7-4af4-ab9c-cd7e4d07d04f}</UniqueIdentifier>
    </Filter>
  </ItemGroup>
  <ItemGroup>
    <ClInclude Include="includes\client.h">
      <Filter>includes</Filter>
    </ClInclude>
    <ClInclude Include="includes\loger.h">
      <Filter>includes</Filter>
    </ClInclude>
    <ClInclude Include="includes\main.h">
      <Filter>includes</Filter>
    </ClInclude>
    <ClInclude Include="includes\sock_utils.h">
      <Filter>includes</Filter>
    </ClInclude>
    <ClInclude Include="includes\utils.h">
      <Filter>includes</Filter>
    </ClInclude>
    <ClInclude Include="includes\docctrl.h">
      <Filter>includes</Filter>
    </ClInclude>
    <ClInclude Include="includes\device.h">
      <Filter>includes</Filter>
    </ClInclude>
  </ItemGroup>
</Project>